{
  "name": "chat-socket.io",
  "version": "0.0.1",
  "lockfileVersion": 1,
  "requires": true,
  "dependencies": {
    "accepts": {
      "version": "1.3.7",
      "resolved": "https://registry.npm.taobao.org/accepts/download/accepts-1.3.7.tgz",
      "integrity": "sha1-UxvHJlF6OytB+FACHGzBXqq1B80=",
      "requires": {
        "mime-types": "~2.1.24",
        "negotiator": "0.6.2"
      }
    },
    "after": {
      "version": "0.8.2",
      "resolved": "https://registry.npm.taobao.org/after/download/after-0.8.2.tgz",
      "integrity": "sha1-/ts5T58OAqqXaOcCvaI7UF+ufh8="
    },
    "arraybuffer.slice": {
      "version": "0.0.7",
      "resolved": "https://registry.npm.taobao.org/arraybuffer.slice/download/arraybuffer.slice-0.0.7.tgz",
      "integrity": "sha1-O7xCdd1YTMGxCAm4nU6LY6aednU="
    },
    "backo2": {
      "version": "1.0.2",
      "resolved": "https://registry.npm.taobao.org/backo2/download/backo2-1.0.2.tgz",
      "integrity": "sha1-MasayLEpNjRj41s+u2n038+6eUc="
    },
    "base64-arraybuffer": {
      "version": "0.1.4",
      "resolved": "https://registry.npm.taobao.org/base64-arraybuffer/download/base64-arraybuffer-0.1.4.tgz",
      "integrity": "sha1-mBjHngWbE1X5fgQooBfIOOkLqBI="
    },
    "base64id": {
      "version": "2.0.0",
      "resolved": "https://registry.npm.taobao.org/base64id/download/base64id-2.0.0.tgz",
      "integrity": "sha1-J3Csa8R9MSr5eov5pjQ0LgzSXLY="
    },
    "blob": {
      "version": "0.0.5",
      "resolved": "https://registry.npm.taobao.org/blob/download/blob-0.0.5.tgz",
      "integrity": "sha1-1oDu7yX4zZGtUz9bAe7UjmTK9oM="
    },
    "bytes": {
      "version": "0.1.0",
      "resolved": "https://registry.npm.taobao.org/bytes/download/bytes-0.1.0.tgz?cache=0&sync_timestamp=1589682741197&other_urls=https%3A%2F%2Fregistry.npm.taobao.org%2Fbytes%2Fdownload%2Fbytes-0.1.0.tgz",
      "integrity": "sha1-xXSBIigSbWNp0VdpJahXnbP45aI="
    },
    "commander": {
      "version": "0.6.1",
      "resolved": "https://registry.npm.taobao.org/commander/download/commander-0.6.1.tgz?cache=0&sync_timestamp=1613374024216&other_urls=https%3A%2F%2Fregistry.npm.taobao.org%2Fcommander%2Fdownload%2Fcommander-0.6.1.tgz",
      "integrity": "sha1-+mihT2qUXVTbvlDYzbMyDp47GgY="
    },
    "component-bind": {
      "version": "1.0.0",
      "resolved": "https://registry.npm.taobao.org/component-bind/download/component-bind-1.0.0.tgz",
      "integrity": "sha1-AMYIq33Nk4l8AAllGx06jh5zu9E="
    },
    "component-emitter": {
      "version": "1.3.0",
      "resolved": "https://registry.npm.taobao.org/component-emitter/download/component-emitter-1.3.0.tgz",
      "integrity": "sha1-FuQHD7qK4ptnnyIVhT7hgasuq8A="
    },
    "component-inherit": {
      "version": "0.0.3",
      "resolved": "https://registry.npm.taobao.org/component-inherit/download/component-inherit-0.0.3.tgz",
      "integrity": "sha1-ZF/ErfWLcrZJ1crmUTVhnbJv8UM="
    },
    "connect": {
      "version": "2.6.2",
      "resolved": "https://registry.npm.taobao.org/connect/download/connect-2.6.2.tgz",
      "integrity": "sha1-LGbqZYPeYkdf4VugPl8HTlMFDvs=",
      "requires": {
        "bytes": "0.1.0",
        "cookie": "0.0.4",
        "cookie-signature": "0.0.1",
        "crc": "0.2.0",
        "debug": "*",
        "formidable": "1.0.11",
        "fresh": "0.1.0",
        "pause": "0.0.1",
        "qs": "0.5.1",
        "send": "0.1.0"
      }
    },
    "cookie": {
      "version": "0.0.4",
      "resolved": "https://registry.npm.taobao.org/cookie/download/cookie-0.0.4.tgz",
      "integrity": "sha1-VFa9R67iZm6sl26oCmEFlASD/pg="
    },
    "cookie-signature": {
      "version": "0.0.1",
      "resolved": "https://registry.npm.taobao.org/cookie-signature/download/cookie-signature-0.0.1.tgz",
      "integrity": "sha1-E9NgO1z2O++/haiAHjeqkA20aYU="
    },
    "crc": {
      "version": "0.2.0",
      "resolved": "https://registry.npm.taobao.org/crc/download/crc-0.2.0.tgz",
      "integrity": "sha1-9Ehrm/ChLfg8P8oU4x4DD9q9lFQ="
    },
    "debug": {
      "version": "4.3.1",
      "resolved": "https://registry.npm.taobao.org/debug/download/debug-4.3.1.tgz?cache=0&sync_timestamp=1607566533140&other_urls=https%3A%2F%2Fregistry.npm.taobao.org%2Fdebug%2Fdownload%2Fdebug-4.3.1.tgz",
      "integrity": "sha1-8NIpxQXgxtjEmsVT0bE9wYP2su4=",
      "requires": {
        "ms": "2.1.2"
      }
    },
    "engine.io": {
      "version": "3.5.0",
      "resolved": "https://registry.npm.taobao.org/engine.io/download/engine.io-3.5.0.tgz",
      "integrity": "sha1-nWuYXIo5sf6HzZHrAU3gVSJZghs=",
      "requires": {
        "accepts": "~1.3.4",
        "base64id": "2.0.0",
        "cookie": "~0.4.1",
        "debug": "~4.1.0",
        "engine.io-parser": "~2.2.0",
        "ws": "~7.4.2"
      },
      "dependencies": {
        "cookie": {
          "version": "0.4.1",
          "resolved": "https://registry.npm.taobao.org/cookie/download/cookie-0.4.1.tgz",
          "integrity": "sha1-r9cT/ibr0hupXOth+agRblClN9E="
        },
        "debug": {
          "version": "4.1.1",
          "resolved": "https://registry.npm.taobao.org/debug/download/debug-4.1.1.tgz?cache=0&sync_timestamp=1607566533140&other_urls=https%3A%2F%2Fregistry.npm.taobao.org%2Fdebug%2Fdownload%2Fdebug-4.1.1.tgz",
          "integrity": "sha1-O3ImAlUQnGtYnO4FDx1RYTlmR5E=",
          "requires": {
            "ms": "^2.1.1"
          }
        }
      }
    },
    "engine.io-client": {
      "version": "3.5.0",
      "resolved": "https://registry.npm.taobao.org/engine.io-client/download/engine.io-client-3.5.0.tgz?cache=0&sync_timestamp=1614290038226&other_urls=https%3A%2F%2Fregistry.npm.taobao.org%2Fengine.io-client%2Fdownload%2Fengine.io-client-3.5.0.tgz",
      "integrity": "sha1-/BtNlhYojOTy2vBtz2EkE97JQcc=",
      "requires": {
        "component-emitter": "~1.3.0",
        "component-inherit": "0.0.3",
        "debug": "~3.1.0",
        "engine.io-parser": "~2.2.0",
        "has-cors": "1.1.0",
        "indexof": "0.0.1",
        "parseqs": "0.0.6",
        "parseuri": "0.0.6",
        "ws": "~7.4.2",
        "xmlhttprequest-ssl": "~1.5.4",
        "yeast": "0.1.2"
      },
      "dependencies": {
        "debug": {
          "version": "3.1.0",
          "resolved": "https://registry.npm.taobao.org/debug/download/debug-3.1.0.tgz?cache=0&sync_timestamp=1607566533140&other_urls=https%3A%2F%2Fregistry.npm.taobao.org%2Fdebug%2Fdownload%2Fdebug-3.1.0.tgz",
          "integrity": "sha1-W7WgZyYotkFJVmuhaBnmFRjGcmE=",
          "requires": {
            "ms": "2.0.0"
          }
        },
        "ms": {
          "version": "2.0.0",
          "resolved": "https://registry.npm.taobao.org/ms/download/ms-2.0.0.tgz?cache=0&sync_timestamp=1607433842694&other_urls=https%3A%2F%2Fregistry.npm.taobao.org%2Fms%2Fdownload%2Fms-2.0.0.tgz",
          "integrity": "sha1-VgiurfwAvmwpAd9fmGF4jeDVl8g="
        }
      }
    },
    "engine.io-parser": {
      "version": "2.2.1",
      "resolved": "https://registry.npm.taobao.org/engine.io-parser/download/engine.io-parser-2.2.1.tgz?cache=0&sync_timestamp=1607330719219&other_urls=https%3A%2F%2Fregistry.npm.taobao.org%2Fengine.io-parser%2Fdownload%2Fengine.io-parser-2.2.1.tgz",
      "integrity": "sha1-V85WEdk3DulPmWQbWJ+UyX5PXac=",
      "requires": {
        "after": "0.8.2",
        "arraybuffer.slice": "~0.0.7",
        "base64-arraybuffer": "0.1.4",
        "blob": "0.0.5",
        "has-binary2": "~1.0.2"
      }
    },
    "express": {
      "version": "3.0.1",
      "resolved": "https://registry.npm.taobao.org/express/download/express-3.0.1.tgz?cache=0&sync_timestamp=1596722127254&other_urls=https%3A%2F%2Fregistry.npm.taobao.org%2Fexpress%2Fdownload%2Fexpress-3.0.1.tgz",
      "integrity": "sha1-NqUAjRWKl+goF/RbiVYWM7YaG+g=",
      "requires": {
        "commander": "0.6.1",
        "connect": "2.6.2",
        "cookie": "0.0.4",
        "cookie-signature": "0.0.1",
        "crc": "0.2.0",
        "debug": "*",
        "fresh": "0.1.0",
        "methods": "0.0.1",
        "mkdirp": "0.3.3",
        "range-parser": "0.0.4",
        "send": "0.1.0"
      }
    },
    "formidable": {
      "version": "1.0.11",
      "resolved": "https://registry.npm.taobao.org/formidable/download/formidable-1.0.11.tgz",
      "integrity": "sha1-aPYzJaA15kS297s9ESQ7l2HeGzA="
    },
    "fresh": {
      "version": "0.1.0",
      "resolved": "https://registry.npm.taobao.org/fresh/download/fresh-0.1.0.tgz?cache=0&sync_timestamp=1589682752100&other_urls=https%3A%2F%2Fregistry.npm.taobao.org%2Ffresh%2Fdownload%2Ffresh-0.1.0.tgz",
      "integrity": "sha1-A+SwF4Qk5MLV0ZpU2IFM3JeTSFA="
    },
    "has-binary2": {
      "version": "1.0.3",
      "resolved": "https://registry.npm.taobao.org/has-binary2/download/has-binary2-1.0.3.tgz",
      "integrity": "sha1-d3asYn8+p3JQz8My2rfd9eT10R0=",
      "requires": {
        "isarray": "2.0.1"
      }
    },
    "has-cors": {
      "version": "1.1.0",
      "resolved": "https://registry.npm.taobao.org/has-cors/download/has-cors-1.1.0.tgz",
      "integrity": "sha1-XkdHk/fqmEPRu5nCPu9J/xJv/zk="
    },
    "indexof": {
      "version": "0.0.1",
      "resolved": "https://registry.npm.taobao.org/indexof/download/indexof-0.0.1.tgz",
      "integrity": "sha1-gtwzbSMrkGIXnQWrMpOmYFn9Q10="
    },
    "isarray": {
      "version": "2.0.1",
      "resolved": "https://registry.npm.taobao.org/isarray/download/isarray-2.0.1.tgz",
      "integrity": "sha1-o32U7ZzaLVmGXJ92/llu4fM4dB4="
    },
    "methods": {
      "version": "0.0.1",
      "resolved": "https://registry.npm.taobao.org/methods/download/methods-0.0.1.tgz",
      "integrity": "sha1-J3yQ+L7zlwlkWoNxxRw7bGSOBow="
    },
    "mime": {
      "version": "1.2.6",
      "resolved": "https://registry.npm.taobao.org/mime/download/mime-1.2.6.tgz",
      "integrity": "sha1-sfhsdowCX6h7SAdfFwnyiuryA2U="
    },
    "mime-db": {
      "version": "1.46.0",
      "resolved": "https://registry.npm.taobao.org/mime-db/download/mime-db-1.46.0.tgz?cache=0&sync_timestamp=1613194712759&other_urls=https%3A%2F%2Fregistry.npm.taobao.org%2Fmime-db%2Fdownload%2Fmime-db-1.46.0.tgz",
      "integrity": "sha1-Ymd0in95lZTePLyM3pHe80lmHO4="
    },
    "mime-types": {
      "version": "2.1.29",
      "resolved": "https://registry.npm.taobao.org/mime-types/download/mime-types-2.1.29.tgz?cache=0&other_urls=https%3A%2F%2Fregistry.npm.taobao.org%2Fmime-types%2Fdownload%2Fmime-types-2.1.29.tgz",
      "integrity": "sha1-HUq3faZLkfX3JInfKSNlY3VLsbI=",
      "requires": {
        "mime-db": "1.46.0"
      }
    },
    "mkdirp": {
      "version": "0.3.3",
      "resolved": "https://registry.npm.taobao.org/mkdirp/download/mkdirp-0.3.3.tgz?cache=0&sync_timestamp=1587535418745&other_urls=https%3A%2F%2Fregistry.npm.taobao.org%2Fmkdirp%2Fdownload%2Fmkdirp-0.3.3.tgz",
      "integrity": "sha1-WV4lHBNww6aLqyE20ONIuBBa3xM="
    },
    "ms": {
      "version": "2.1.2",
      "resolved": "https://registry.npm.taobao.org/ms/download/ms-2.1.2.tgz?cache=0&sync_timestamp=1607433842694&other_urls=https%3A%2F%2Fregistry.npm.taobao.org%2Fms%2Fdownload%2Fms-2.1.2.tgz",
      "integrity": "sha1-0J0fNXtEP0kzgqjrPM0YOHKuYAk="
    },
    "negotiator": {
      "version": "0.6.2",
      "resolved": "https://registry.npm.taobao.org/negotiator/download/negotiator-0.6.2.tgz?cache=0&sync_timestamp=1589682752355&other_urls=https%3A%2F%2Fregistry.npm.taobao.org%2Fnegotiator%2Fdownload%2Fnegotiator-0.6.2.tgz",
      "integrity": "sha1-/qz3zPUlp3rpY0Q2pkiD/+yjRvs="
    },
    "parseqs": {
      "version": "0.0.6",
      "resolved": "https://registry.npm.taobao.org/parseqs/download/parseqs-0.0.6.tgz",
      "integrity": "sha1-jku1oZ0c3IRKCKyXTTTic6+mcNU="
    },
    "parseuri": {
      "version": "0.0.6",
      "resolved": "https://registry.npm.taobao.org/parseuri/download/parseuri-0.0.6.tgz",
      "integrity": "sha1-4Ulugp46wv9H85pN0ESzKCPEolo="
    },
    "pause": {
      "version": "0.0.1",
      "resolved": "https://registry.npm.taobao.org/pause/download/pause-0.0.1.tgz",
      "integrity": "sha1-HUCLP9t2kjuVQ9lvtMnf1TXZy10="
    },
    "qs": {
      "version": "0.5.1",
      "resolved": "https://registry.npm.taobao.org/qs/download/qs-0.5.1.tgz?cache=0&sync_timestamp=1610598235973&other_urls=https%3A%2F%2Fregistry.npm.taobao.org%2Fqs%2Fdownload%2Fqs-0.5.1.tgz",
      "integrity": "sha1-n2v12axsdjhOldNtFbSJgOXkrdA="
    },
    "range-parser": {
      "version": "0.0.4",
      "resolved": "https://registry.npm.taobao.org/range-parser/download/range-parser-0.0.4.tgz",
      "integrity": "sha1-wEJ//vUcEKy6B4KkbJYC50T/Ygs="
    },
    "send": {
      "version": "0.1.0",
      "resolved": "https://registry.npm.taobao.org/send/download/send-0.1.0.tgz",
      "integrity": "sha1-z7COvTzsm3/Bo32f+eh1qXHPRkA=",
      "requires": {
        "debug": "*",
        "fresh": "0.1.0",
        "mime": "1.2.6",
        "range-parser": "0.0.4"
      }
    },
    "socket.io": {
      "version": "2.4.1",
      "resolved": "https://registry.npm.taobao.org/socket.io/download/socket.io-2.4.1.tgz",
      "integrity": "sha1-la2GHJpSNp1/Gmis8NShsW2kUdI=",
      "requires": {
        "debug": "~4.1.0",
        "engine.io": "~3.5.0",
        "has-binary2": "~1.0.2",
        "socket.io-adapter": "~1.1.0",
        "socket.io-client": "2.4.0",
        "socket.io-parser": "~3.4.0"
      },
      "dependencies": {
        "debug": {
          "version": "4.1.1",
          "resolved": "https://registry.npm.taobao.org/debug/download/debug-4.1.1.tgz?cache=0&sync_timestamp=1607566533140&other_urls=https%3A%2F%2Fregistry.npm.taobao.org%2Fdebug%2Fdownload%2Fdebug-4.1.1.tgz",
          "integrity": "sha1-O3ImAlUQnGtYnO4FDx1RYTlmR5E=",
          "requires": {
            "ms": "^2.1.1"
          }
        }
      }
    },
    "socket.io-adapter": {
      "version": "1.1.2",
      "resolved": "https://registry.npm.taobao.org/socket.io-adapter/download/socket.io-adapter-1.1.2.tgz",
      "integrity": "sha1-qz8Nb2a4/H/KOVmrWZH4IiF4m+k="
    },
    "socket.io-client": {
      "version": "2.4.0",
      "resolved": "https://registry.npm.taobao.org/socket.io-client/download/socket.io-client-2.4.0.tgz",
      "integrity": "sha1-qvtdWUo8VaNDVVYvyK6iLtkRmjU=",
      "requires": {
        "backo2": "1.0.2",
        "component-bind": "1.0.0",
        "component-emitter": "~1.3.0",
        "debug": "~3.1.0",
        "engine.io-client": "~3.5.0",
        "has-binary2": "~1.0.2",
        "indexof": "0.0.1",
        "parseqs": "0.0.6",
        "parseuri": "0.0.6",
        "socket.io-parser": "~3.3.0",
        "to-array": "0.1.4"
      },
      "dependencies": {
        "debug": {
          "version": "3.1.0",
          "resolved": "https://registry.npm.taobao.org/debug/download/debug-3.1.0.tgz?cache=0&sync_timestamp=1607566533140&other_urls=https%3A%2F%2Fregistry.npm.taobao.org%2Fdebug%2Fdownload%2Fdebug-3.1.0.tgz",
          "integrity": "sha1-W7WgZyYotkFJVmuhaBnmFRjGcmE=",
          "requires": {
            "ms": "2.0.0"
          }
        },
        "ms": {
          "version": "2.0.0",
          "resolved": "https://registry.npm.taobao.org/ms/download/ms-2.0.0.tgz?cache=0&sync_timestamp=1607433842694&other_urls=https%3A%2F%2Fregistry.npm.taobao.org%2Fms%2Fdownload%2Fms-2.0.0.tgz",
          "integrity": "sha1-VgiurfwAvmwpAd9fmGF4jeDVl8g="
        },
        "socket.io-parser": {
          "version": "3.3.2",
          "resolved": "https://registry.npm.taobao.org/socket.io-parser/download/socket.io-parser-3.3.2.tgz?cache=0&sync_timestamp=1610669810516&other_urls=https%3A%2F%2Fregistry.npm.taobao.org%2Fsocket.io-parser%2Fdownload%2Fsocket.io-parser-3.3.2.tgz",
          "integrity": "sha1-74cgCdCtz3BPL76DAZGhR1KtULY=",
          "requires": {
            "component-emitter": "~1.3.0",
            "debug": "~3.1.0",
            "isarray": "2.0.1"
          }
        }
      }
    },
    "socket.io-parser": {
      "version": "3.4.1",
      "resolved": "https://registry.npm.taobao.org/socket.io-parser/download/socket.io-parser-3.4.1.tgz?cache=0&sync_timestamp=1610669810516&other_urls=https%3A%2F%2Fregistry.npm.taobao.org%2Fsocket.io-parser%2Fdownload%2Fsocket.io-parser-3.4.1.tgz",
      "integrity": "sha1-sGr4ODApdYN+qy3JgAN9okBU1ko=",
      "requires": {
        "component-emitter": "1.2.1",
        "debug": "~4.1.0",
        "isarray": "2.0.1"
      },
      "dependencies": {
        "component-emitter": {
          "version": "1.2.1",
          "resolved": "https://registry.npm.taobao.org/component-emitter/download/component-emitter-1.2.1.tgz",
          "integrity": "sha1-E3kY1teCg/ffemt8WmPhQOaUJeY="
        },
        "debug": {
          "version": "4.1.1",
          "resolved": "https://registry.npm.taobao.org/debug/download/debug-4.1.1.tgz?cache=0&sync_timestamp=1607566533140&other_urls=https%3A%2F%2Fregistry.npm.taobao.org%2Fdebug%2Fdownload%2Fdebug-4.1.1.tgz",
          "integrity": "sha1-O3ImAlUQnGtYnO4FDx1RYTlmR5E=",
          "requires": {
            "ms": "^2.1.1"
          }
        }
      }
    },
    "to-array": {
      "version": "0.1.4",
      "resolved": "https://registry.npm.taobao.org/to-array/download/to-array-0.1.4.tgz",
      "integrity": "sha1-F+bBH3PdTz10zaek/zI46a2b+JA="
    },
    "ws": {
      "version": "7.4.3",
      "resolved": "https://registry.npm.taobao.org/ws/download/ws-7.4.3.tgz?cache=0&sync_timestamp=1612293757126&other_urls=https%3A%2F%2Fregistry.npm.taobao.org%2Fws%2Fdownload%2Fws-7.4.3.tgz",
      "integrity": "sha1-H5ZD3jSlQ7jtsSS9y8RXrlWm5c0="
    },
    "xmlhttprequest-ssl": {
      "version": "1.5.5",
      "resolved": "https://registry.npm.taobao.org/xmlhttprequest-ssl/download/xmlhttprequest-ssl-1.5.5.tgz",
      "integrity": "sha1-wodrBhaKrcQOV9l+gRkayPQ5iz4="
    },
    "yeast": {
      "version": "0.1.2",
      "resolved": "https://registry.npm.taobao.org/yeast/download/yeast-0.1.2.tgz",
      "integrity": "sha1-AI4G2AlDIMNy28L47XagymyKxBk="
    }
  }
}
